
Microsoft Visual Studio Solution File, Format Version 12.00
# Visual Studio Version 16
VisualStudioVersion = 16.0.28803.156
MinimumVisualStudioVersion = 10.0.40219.1
Project("{FAE04EC0-301F-11D3-BF4B-00C04F79EFBC}") = "Mvc_Model", "Mvc_Model\Mvc_Model.csproj", "{CF60ABA4-45B6-40ED-A144-5B32F9836D97}"
EndProject
Global
	GlobalSection(SolutionConfigurationPlatforms) = preSolution
		Debug|Any CPU = Debug|Any CPU
		Release|Any CPU = Release|Any CPU
	EndGlobalSection
	GlobalSection(ProjectConfigurationPlatforms) = postSolution
		{CF60ABA4-45B6-40ED-A144-5B32F9836D97}.Debug|Any CPU.ActiveCfg = Debug|Any CPU
		{CF60ABA4-45B6-40ED-A144-5B32F9836D97}.Debug|Any CPU.Build.0 = Debug|Any CPU
		{CF60ABA4-45B6-40ED-A144-5B32F9836D97}.Release|Any CPU.ActiveCfg = Release|Any CPU
		{CF60ABA4-45B6-40ED-A144-5B32F9836D97}.Release|Any CPU.Build.0 = Release|Any CPU
	EndGlobalSection
	GlobalSection(SolutionProperties) = preSolution
		HideSolutionNode = FALSE
	EndGlobalSection
	GlobalSection(ExtensibilityGlobals) = postSolution
		SolutionGuid = {74F5538C-8D20-4A36-B35A-49C1112E5DAA}
	EndGlobalSection
EndGlobal
