
Microsoft Visual Studio Solution File, Format Version 12.00
# Visual Studio Version 16
VisualStudioVersion = 16.0.30907.101
MinimumVisualStudioVersion = 10.0.40219.1
Project("{FAE04EC0-301F-11D3-BF4B-00C04F79EFBC}") = "WebApplication1_mvc_helloworld_02152021", "WebApplication1_mvc_helloworld_02152021\WebApplication1_mvc_helloworld_02152021.csproj", "{B4980F7B-760E-49EA-B437-858B1153FF72}"
EndProject
Global
	GlobalSection(SolutionConfigurationPlatforms) = preSolution
		Debug|Any CPU = Debug|Any CPU
		Release|Any CPU = Release|Any CPU
	EndGlobalSection
	GlobalSection(ProjectConfigurationPlatforms) = postSolution
		{B4980F7B-760E-49EA-B437-858B1153FF72}.Debug|Any CPU.ActiveCfg = Debug|Any CPU
		{B4980F7B-760E-49EA-B437-858B1153FF72}.Debug|Any CPU.Build.0 = Debug|Any CPU
		{B4980F7B-760E-49EA-B437-858B1153FF72}.Release|Any CPU.ActiveCfg = Release|Any CPU
		{B4980F7B-760E-49EA-B437-858B1153FF72}.Release|Any CPU.Build.0 = Release|Any CPU
	EndGlobalSection
	GlobalSection(SolutionProperties) = preSolution
		HideSolutionNode = FALSE
	EndGlobalSection
	GlobalSection(ExtensibilityGlobals) = postSolution
		SolutionGuid = {CA9279D0-BFE1-4C4D-842C-F6EB855B719D}
	EndGlobalSection
EndGlobal
